
Microsoft Visual Studio Solution File, Format Version 12.00
# Visual Studio Version 17
VisualStudioVersion = 17.9.34714.143
MinimumVisualStudioVersion = 10.0.40219.1
Project("{FAE04EC0-301F-11D3-BF4B-00C04F79EFBC}") = "PUB_to_txt", "PUB_to_txt.csproj", "{262295C8-0AE6-4FAA-BB5B-31BB01C5F733}"
EndProject
Global
	GlobalSection(SolutionConfigurationPlatforms) = preSolution
		Debug|Any CPU = Debug|Any CPU
		Release|Any CPU = Release|Any CPU
	EndGlobalSection
	GlobalSection(ProjectConfigurationPlatforms) = postSolution
		{262295C8-0AE6-4FAA-BB5B-31BB01C5F733}.Debug|Any CPU.ActiveCfg = Debug|Any CPU
		{262295C8-0AE6-4FAA-BB5B-31BB01C5F733}.Debug|Any CPU.Build.0 = Debug|Any CPU
		{262295C8-0AE6-4FAA-BB5B-31BB01C5F733}.Debug|Any CPU.Deploy.0 = Debug|Any CPU
		{262295C8-0AE6-4FAA-BB5B-31BB01C5F733}.Release|Any CPU.ActiveCfg = Release|Any CPU
		{262295C8-0AE6-4FAA-BB5B-31BB01C5F733}.Release|Any CPU.Build.0 = Release|Any CPU
		{262295C8-0AE6-4FAA-BB5B-31BB01C5F733}.Release|Any CPU.Deploy.0 = Release|Any CPU
	EndGlobalSection
	GlobalSection(SolutionProperties) = preSolution
		HideSolutionNode = FALSE
	EndGlobalSection
	GlobalSection(ExtensibilityGlobals) = postSolution
		SolutionGuid = {BB40E6FD-53D2-456D-A489-5BE80CEB8538}
	EndGlobalSection
EndGlobal
